
Microsoft Visual Studio Solution File, Format Version 12.00
# Visual Studio Version 16
VisualStudioVersion = 16.0.31829.152
MinimumVisualStudioVersion = 10.0.40219.1
Project("{FAE04EC0-301F-11D3-BF4B-00C04F79EFBC}") = "DiaSemana", "DiaSemana\DiaSemana.csproj", "{8A04C244-234D-4900-80E4-C4B20C954874}"
EndProject
Global
	GlobalSection(SolutionConfigurationPlatforms) = preSolution
		Debug|Any CPU = Debug|Any CPU
		Release|Any CPU = Release|Any CPU
	EndGlobalSection
	GlobalSection(ProjectConfigurationPlatforms) = postSolution
		{8A04C244-234D-4900-80E4-C4B20C954874}.Debug|Any CPU.ActiveCfg = Debug|Any CPU
		{8A04C244-234D-4900-80E4-C4B20C954874}.Debug|Any CPU.Build.0 = Debug|Any CPU
		{8A04C244-234D-4900-80E4-C4B20C954874}.Release|Any CPU.ActiveCfg = Release|Any CPU
		{8A04C244-234D-4900-80E4-C4B20C954874}.Release|Any CPU.Build.0 = Release|Any CPU
	EndGlobalSection
	GlobalSection(SolutionProperties) = preSolution
		HideSolutionNode = FALSE
	EndGlobalSection
	GlobalSection(ExtensibilityGlobals) = postSolution
		SolutionGuid = {4C0F9BBF-DD1B-4AFC-AF2D-39E29E64A507}
	EndGlobalSection
EndGlobal
