
Microsoft Visual Studio Solution File, Format Version 12.00
# Visual Studio Version 16
VisualStudioVersion = 16.0.31829.152
MinimumVisualStudioVersion = 10.0.40219.1
Project("{FAE04EC0-301F-11D3-BF4B-00C04F79EFBC}") = "NumeroMayor", "NumeroMayor\NumeroMayor.csproj", "{7543244D-C2A2-4EAC-B1B6-18C70EBDDC5A}"
EndProject
Global
	GlobalSection(SolutionConfigurationPlatforms) = preSolution
		Debug|Any CPU = Debug|Any CPU
		Release|Any CPU = Release|Any CPU
	EndGlobalSection
	GlobalSection(ProjectConfigurationPlatforms) = postSolution
		{7543244D-C2A2-4EAC-B1B6-18C70EBDDC5A}.Debug|Any CPU.ActiveCfg = Debug|Any CPU
		{7543244D-C2A2-4EAC-B1B6-18C70EBDDC5A}.Debug|Any CPU.Build.0 = Debug|Any CPU
		{7543244D-C2A2-4EAC-B1B6-18C70EBDDC5A}.Release|Any CPU.ActiveCfg = Release|Any CPU
		{7543244D-C2A2-4EAC-B1B6-18C70EBDDC5A}.Release|Any CPU.Build.0 = Release|Any CPU
	EndGlobalSection
	GlobalSection(SolutionProperties) = preSolution
		HideSolutionNode = FALSE
	EndGlobalSection
	GlobalSection(ExtensibilityGlobals) = postSolution
		SolutionGuid = {1F304A40-984A-4C37-A59B-3D4593B26F6F}
	EndGlobalSection
EndGlobal
