
Microsoft Visual Studio Solution File, Format Version 12.00
# Visual Studio Version 16
VisualStudioVersion = 16.0.31829.152
MinimumVisualStudioVersion = 10.0.40219.1
Project("{FAE04EC0-301F-11D3-BF4B-00C04F79EFBC}") = "PromedioNotas", "PromedioNotas\PromedioNotas.csproj", "{9BCE3655-FD37-4BEC-8C85-929C8AE73B44}"
EndProject
Global
	GlobalSection(SolutionConfigurationPlatforms) = preSolution
		Debug|Any CPU = Debug|Any CPU
		Release|Any CPU = Release|Any CPU
	EndGlobalSection
	GlobalSection(ProjectConfigurationPlatforms) = postSolution
		{9BCE3655-FD37-4BEC-8C85-929C8AE73B44}.Debug|Any CPU.ActiveCfg = Debug|Any CPU
		{9BCE3655-FD37-4BEC-8C85-929C8AE73B44}.Debug|Any CPU.Build.0 = Debug|Any CPU
		{9BCE3655-FD37-4BEC-8C85-929C8AE73B44}.Release|Any CPU.ActiveCfg = Release|Any CPU
		{9BCE3655-FD37-4BEC-8C85-929C8AE73B44}.Release|Any CPU.Build.0 = Release|Any CPU
	EndGlobalSection
	GlobalSection(SolutionProperties) = preSolution
		HideSolutionNode = FALSE
	EndGlobalSection
	GlobalSection(ExtensibilityGlobals) = postSolution
		SolutionGuid = {7AAE7E83-4C2E-4752-B52F-5388FF4D6451}
	EndGlobalSection
EndGlobal
