
Microsoft Visual Studio Solution File, Format Version 12.00
# Visual Studio Version 16
VisualStudioVersion = 16.0.31605.320
MinimumVisualStudioVersion = 10.0.40219.1
Project("{FAE04EC0-301F-11D3-BF4B-00C04F79EFBC}") = "NumerosPrimos", "NumerosPrimos\NumerosPrimos.csproj", "{76CFCEE2-F858-447F-A399-7BD73AB61C18}"
EndProject
Global
	GlobalSection(SolutionConfigurationPlatforms) = preSolution
		Debug|Any CPU = Debug|Any CPU
		Release|Any CPU = Release|Any CPU
	EndGlobalSection
	GlobalSection(ProjectConfigurationPlatforms) = postSolution
		{76CFCEE2-F858-447F-A399-7BD73AB61C18}.Debug|Any CPU.ActiveCfg = Debug|Any CPU
		{76CFCEE2-F858-447F-A399-7BD73AB61C18}.Debug|Any CPU.Build.0 = Debug|Any CPU
		{76CFCEE2-F858-447F-A399-7BD73AB61C18}.Release|Any CPU.ActiveCfg = Release|Any CPU
		{76CFCEE2-F858-447F-A399-7BD73AB61C18}.Release|Any CPU.Build.0 = Release|Any CPU
	EndGlobalSection
	GlobalSection(SolutionProperties) = preSolution
		HideSolutionNode = FALSE
	EndGlobalSection
	GlobalSection(ExtensibilityGlobals) = postSolution
		SolutionGuid = {7532E0FA-F5E6-43C8-802E-ED9AF0491FF3}
	EndGlobalSection
EndGlobal
